
Microsoft Visual Studio Solution File, Format Version 12.00
# Visual Studio Version 17
VisualStudioVersion = 17.4.33213.308
MinimumVisualStudioVersion = 10.0.40219.1
Project("{FAE04EC0-301F-11D3-BF4B-00C04F79EFBC}") = "REST-API-UC5", "REST-API-UC5\REST-API-UC5.csproj", "{F14296C1-B928-48F2-BD1B-39EE916FF2FB}"
EndProject
Project("{FAE04EC0-301F-11D3-BF4B-00C04F79EFBC}") = "TestProject1", "TestProject1\TestProject1.csproj", "{782DB7B7-7E1C-430E-A737-99F385E29FA0}"
EndProject
Global
	GlobalSection(SolutionConfigurationPlatforms) = preSolution
		Debug|Any CPU = Debug|Any CPU
		Release|Any CPU = Release|Any CPU
	EndGlobalSection
	GlobalSection(ProjectConfigurationPlatforms) = postSolution
		{F14296C1-B928-48F2-BD1B-39EE916FF2FB}.Debug|Any CPU.ActiveCfg = Debug|Any CPU
		{F14296C1-B928-48F2-BD1B-39EE916FF2FB}.Debug|Any CPU.Build.0 = Debug|Any CPU
		{F14296C1-B928-48F2-BD1B-39EE916FF2FB}.Release|Any CPU.ActiveCfg = Release|Any CPU
		{F14296C1-B928-48F2-BD1B-39EE916FF2FB}.Release|Any CPU.Build.0 = Release|Any CPU
		{782DB7B7-7E1C-430E-A737-99F385E29FA0}.Debug|Any CPU.ActiveCfg = Debug|Any CPU
		{782DB7B7-7E1C-430E-A737-99F385E29FA0}.Debug|Any CPU.Build.0 = Debug|Any CPU
		{782DB7B7-7E1C-430E-A737-99F385E29FA0}.Release|Any CPU.ActiveCfg = Release|Any CPU
		{782DB7B7-7E1C-430E-A737-99F385E29FA0}.Release|Any CPU.Build.0 = Release|Any CPU
	EndGlobalSection
	GlobalSection(SolutionProperties) = preSolution
		HideSolutionNode = FALSE
	EndGlobalSection
	GlobalSection(ExtensibilityGlobals) = postSolution
		SolutionGuid = {17624BCB-E794-44C7-8A14-DE0828A252BE}
	EndGlobalSection
EndGlobal
