
Microsoft Visual Studio Solution File, Format Version 12.00
# Visual Studio Version 17
VisualStudioVersion = 17.4.33213.308
MinimumVisualStudioVersion = 10.0.40219.1
Project("{FAE04EC0-301F-11D3-BF4B-00C04F79EFBC}") = "REST-API-UC2", "REST-API-UC2\REST-API-UC2.csproj", "{09B0B0A1-6BA0-49C2-998C-2C7FF4BA19F2}"
EndProject
Project("{FAE04EC0-301F-11D3-BF4B-00C04F79EFBC}") = "TestProject1", "TestProject1\TestProject1.csproj", "{B032BA08-7181-4485-8F02-9FF2324ED5DE}"
EndProject
Global
	GlobalSection(SolutionConfigurationPlatforms) = preSolution
		Debug|Any CPU = Debug|Any CPU
		Release|Any CPU = Release|Any CPU
	EndGlobalSection
	GlobalSection(ProjectConfigurationPlatforms) = postSolution
		{09B0B0A1-6BA0-49C2-998C-2C7FF4BA19F2}.Debug|Any CPU.ActiveCfg = Debug|Any CPU
		{09B0B0A1-6BA0-49C2-998C-2C7FF4BA19F2}.Debug|Any CPU.Build.0 = Debug|Any CPU
		{09B0B0A1-6BA0-49C2-998C-2C7FF4BA19F2}.Release|Any CPU.ActiveCfg = Release|Any CPU
		{09B0B0A1-6BA0-49C2-998C-2C7FF4BA19F2}.Release|Any CPU.Build.0 = Release|Any CPU
		{B032BA08-7181-4485-8F02-9FF2324ED5DE}.Debug|Any CPU.ActiveCfg = Debug|Any CPU
		{B032BA08-7181-4485-8F02-9FF2324ED5DE}.Debug|Any CPU.Build.0 = Debug|Any CPU
		{B032BA08-7181-4485-8F02-9FF2324ED5DE}.Release|Any CPU.ActiveCfg = Release|Any CPU
		{B032BA08-7181-4485-8F02-9FF2324ED5DE}.Release|Any CPU.Build.0 = Release|Any CPU
	EndGlobalSection
	GlobalSection(SolutionProperties) = preSolution
		HideSolutionNode = FALSE
	EndGlobalSection
	GlobalSection(ExtensibilityGlobals) = postSolution
		SolutionGuid = {875881EC-4875-436C-BD3C-1CA7D2F2513A}
	EndGlobalSection
EndGlobal
